// !$*UTF8*$!
{
	archiveVersion = 1;
	classes = {
	};
	objectVersion = 45;
	objects = {

/* Begin PBXBuildFile section */
		1D3623260D0F684500981E51 /* ShuttleTracAppDelegate.m in Sources */ = {isa = PBXBuildFile; fileRef = 1D3623250D0F684500981E51 /* ShuttleTracAppDelegate.m */; };
		1D60589B0D05DD56006BFB54 /* main.m in Sources */ = {isa = PBXBuildFile; fileRef = 29B97316FDCFA39411CA2CEA /* main.m */; };
		1D60589F0D05DD5A006BFB54 /* Foundation.framework in Frameworks */ = {isa = PBXBuildFile; fileRef = 1D30AB110D05D00D00671497 /* Foundation.framework */; };
		1DF5F4E00D08C38300B7A737 /* UIKit.framework in Frameworks */ = {isa = PBXBuildFile; fileRef = 1DF5F4DF0D08C38300B7A737 /* UIKit.framework */; };
		288765080DF74369002DB57D /* CoreGraphics.framework in Frameworks */ = {isa = PBXBuildFile; fileRef = 288765070DF74369002DB57D /* CoreGraphics.framework */; };
		28AD73880D9D96C1002E5188 /* MainWindow.xib in Resources */ = {isa = PBXBuildFile; fileRef = 28AD73870D9D96C1002E5188 /* MainWindow.xib */; };
		41127311117C03280082FBF7 /* BusTimesTableViewController.m in Sources */ = {isa = PBXBuildFile; fileRef = 41127310117C03280082FBF7 /* BusTimesTableViewController.m */; };
		41127319117C03E40082FBF7 /* BusTimeTableViewCell.m in Sources */ = {isa = PBXBuildFile; fileRef = 41127318117C03E40082FBF7 /* BusTimeTableViewCell.m */; };
		41127433117C10940082FBF7 /* BusRoute.m in Sources */ = {isa = PBXBuildFile; fileRef = 4112742F117C10940082FBF7 /* BusRoute.m */; };
		41127434117C10940082FBF7 /* BusStop.m in Sources */ = {isa = PBXBuildFile; fileRef = 41127431117C10940082FBF7 /* BusStop.m */; };
		41127484117C12BF0082FBF7 /* MapKit.framework in Frameworks */ = {isa = PBXBuildFile; fileRef = 41127483117C12BF0082FBF7 /* MapKit.framework */; };
		4112748E117C13500082FBF7 /* BusMapViewController.m in Sources */ = {isa = PBXBuildFile; fileRef = 4112748C117C13500082FBF7 /* BusMapViewController.m */; };
		4112748F117C13500082FBF7 /* BusMapViewController.xib in Resources */ = {isa = PBXBuildFile; fileRef = 4112748D117C13500082FBF7 /* BusMapViewController.xib */; };
		41302455117CC0AC00474B5B /* NSDateAdditions.m in Sources */ = {isa = PBXBuildFile; fileRef = 41302454117CC0AC00474B5B /* NSDateAdditions.m */; };
		418D7D51117E9E210027754F /* MKAddressDictionaryPlacemark.m in Sources */ = {isa = PBXBuildFile; fileRef = 418D7D50117E9E210027754F /* MKAddressDictionaryPlacemark.m */; };
		418D7D62117E9E880027754F /* AddressBook.framework in Frameworks */ = {isa = PBXBuildFile; fileRef = 418D7D61117E9E880027754F /* AddressBook.framework */; };
		418D7D70117EA1660027754F /* ShuttleTracDataStore.m in Sources */ = {isa = PBXBuildFile; fileRef = 418D7D6F117EA1660027754F /* ShuttleTracDataStore.m */; };
		418D7D73117EA1FB0027754F /* BusStopArrivals.m in Sources */ = {isa = PBXBuildFile; fileRef = 418D7D72117EA1FB0027754F /* BusStopArrivals.m */; };
		418D7D90117EA7D70027754F /* BusArrival.m in Sources */ = {isa = PBXBuildFile; fileRef = 418D7D8F117EA7D70027754F /* BusArrival.m */; };
		418D7E3A117EB9490027754F /* DataStoreGrabber.m in Sources */ = {isa = PBXBuildFile; fileRef = 418D7E39117EB9490027754F /* DataStoreGrabber.m */; };
		418D7F18117F5B200027754F /* shuttleTracDataStore.sqlite in Resources */ = {isa = PBXBuildFile; fileRef = 418D7F17117F5B200027754F /* shuttleTracDataStore.sqlite */; };
		418D7F70117F65EC0027754F /* libsqlite3.0.dylib in Frameworks */ = {isa = PBXBuildFile; fileRef = 418D7F6F117F65EC0027754F /* libsqlite3.0.dylib */; };
		853D4C7911595E5A00F3E812 /* BusTimeLookupController.m in Sources */ = {isa = PBXBuildFile; fileRef = 853D4C7711595E5A00F3E812 /* BusTimeLookupController.m */; };
		853D4C7A11595E5A00F3E812 /* BusTimeLookupController.xib in Resources */ = {isa = PBXBuildFile; fileRef = 853D4C7811595E5A00F3E812 /* BusTimeLookupController.xib */; };
		855893CE117BC85F005DF0F5 /* CoreLocation.framework in Frameworks */ = {isa = PBXBuildFile; fileRef = 855893CD117BC85F005DF0F5 /* CoreLocation.framework */; };
/* End PBXBuildFile section */

/* Begin PBXFileReference section */
		1D30AB110D05D00D00671497 /* Foundation.framework */ = {isa = PBXFileReference; lastKnownFileType = wrapper.framework; name = Foundation.framework; path = System/Library/Frameworks/Foundation.framework; sourceTree = SDKROOT; };
		1D3623240D0F684500981E51 /* ShuttleTracAppDelegate.h */ = {isa = PBXFileReference; fileEncoding = 4; lastKnownFileType = sourcecode.c.h; path = ShuttleTracAppDelegate.h; sourceTree = "<group>"; };
		1D3623250D0F684500981E51 /* ShuttleTracAppDelegate.m */ = {isa = PBXFileReference; fileEncoding = 4; lastKnownFileType = sourcecode.c.objc; path = ShuttleTracAppDelegate.m; sourceTree = "<group>"; };
		1D6058910D05DD3D006BFB54 /* ShuttleTrac.app */ = {isa = PBXFileReference; explicitFileType = wrapper.application; includeInIndex = 0; path = ShuttleTrac.app; sourceTree = BUILT_PRODUCTS_DIR; };
		1DF5F4DF0D08C38300B7A737 /* UIKit.framework */ = {isa = PBXFileReference; lastKnownFileType = wrapper.framework; name = UIKit.framework; path = System/Library/Frameworks/UIKit.framework; sourceTree = SDKROOT; };
		288765070DF74369002DB57D /* CoreGraphics.framework */ = {isa = PBXFileReference; lastKnownFileType = wrapper.framework; name = CoreGraphics.framework; path = System/Library/Frameworks/CoreGraphics.framework; sourceTree = SDKROOT; };
		28A0AB4B0D9B1048005BE974 /* ShuttleTrac_Prefix.pch */ = {isa = PBXFileReference; fileEncoding = 4; lastKnownFileType = sourcecode.c.h; path = ShuttleTrac_Prefix.pch; sourceTree = "<group>"; };
		28AD73870D9D96C1002E5188 /* MainWindow.xib */ = {isa = PBXFileReference; lastKnownFileType = file.xib; path = MainWindow.xib; sourceTree = "<group>"; };
		29B97316FDCFA39411CA2CEA /* main.m */ = {isa = PBXFileReference; fileEncoding = 4; lastKnownFileType = sourcecode.c.objc; path = main.m; sourceTree = "<group>"; };
		4112730F117C03280082FBF7 /* BusTimesTableViewController.h */ = {isa = PBXFileReference; fileEncoding = 4; lastKnownFileType = sourcecode.c.h; path = BusTimesTableViewController.h; sourceTree = "<group>"; };
		41127310117C03280082FBF7 /* BusTimesTableViewController.m */ = {isa = PBXFileReference; fileEncoding = 4; lastKnownFileType = sourcecode.c.objc; path = BusTimesTableViewController.m; sourceTree = "<group>"; };
		41127317117C03E40082FBF7 /* BusTimeTableViewCell.h */ = {isa = PBXFileReference; fileEncoding = 4; lastKnownFileType = sourcecode.c.h; path = BusTimeTableViewCell.h; sourceTree = "<group>"; };
		41127318117C03E40082FBF7 /* BusTimeTableViewCell.m */ = {isa = PBXFileReference; fileEncoding = 4; lastKnownFileType = sourcecode.c.objc; path = BusTimeTableViewCell.m; sourceTree = "<group>"; };
		4112742E117C10940082FBF7 /* BusRoute.h */ = {isa = PBXFileReference; fileEncoding = 4; lastKnownFileType = sourcecode.c.h; path = BusRoute.h; sourceTree = "<group>"; };
		4112742F117C10940082FBF7 /* BusRoute.m */ = {isa = PBXFileReference; fileEncoding = 4; lastKnownFileType = sourcecode.c.objc; path = BusRoute.m; sourceTree = "<group>"; };
		41127430117C10940082FBF7 /* BusStop.h */ = {isa = PBXFileReference; fileEncoding = 4; lastKnownFileType = sourcecode.c.h; path = BusStop.h; sourceTree = "<group>"; };
		41127431117C10940082FBF7 /* BusStop.m */ = {isa = PBXFileReference; fileEncoding = 4; lastKnownFileType = sourcecode.c.objc; path = BusStop.m; sourceTree = "<group>"; };
		41127483117C12BF0082FBF7 /* MapKit.framework */ = {isa = PBXFileReference; lastKnownFileType = wrapper.framework; name = MapKit.framework; path = System/Library/Frameworks/MapKit.framework; sourceTree = SDKROOT; };
		4112748B117C13500082FBF7 /* BusMapViewController.h */ = {isa = PBXFileReference; fileEncoding = 4; lastKnownFileType = sourcecode.c.h; path = BusMapViewController.h; sourceTree = "<group>"; };
		4112748C117C13500082FBF7 /* BusMapViewController.m */ = {isa = PBXFileReference; fileEncoding = 4; lastKnownFileType = sourcecode.c.objc; path = BusMapViewController.m; sourceTree = "<group>"; };
		4112748D117C13500082FBF7 /* BusMapViewController.xib */ = {isa = PBXFileReference; lastKnownFileType = file.xib; path = BusMapViewController.xib; sourceTree = "<group>"; };
		41302453117CC0AC00474B5B /* NSDateAdditions.h */ = {isa = PBXFileReference; fileEncoding = 4; lastKnownFileType = sourcecode.c.h; path = NSDateAdditions.h; sourceTree = "<group>"; };
		41302454117CC0AC00474B5B /* NSDateAdditions.m */ = {isa = PBXFileReference; fileEncoding = 4; lastKnownFileType = sourcecode.c.objc; path = NSDateAdditions.m; sourceTree = "<group>"; };
		418D7D4F117E9E210027754F /* MKAddressDictionaryPlacemark.h */ = {isa = PBXFileReference; fileEncoding = 4; lastKnownFileType = sourcecode.c.h; path = MKAddressDictionaryPlacemark.h; sourceTree = "<group>"; };
		418D7D50117E9E210027754F /* MKAddressDictionaryPlacemark.m */ = {isa = PBXFileReference; fileEncoding = 4; lastKnownFileType = sourcecode.c.objc; path = MKAddressDictionaryPlacemark.m; sourceTree = "<group>"; };
		418D7D61117E9E880027754F /* AddressBook.framework */ = {isa = PBXFileReference; lastKnownFileType = wrapper.framework; name = AddressBook.framework; path = System/Library/Frameworks/AddressBook.framework; sourceTree = SDKROOT; };
		418D7D6E117EA1660027754F /* ShuttleTracDataStore.h */ = {isa = PBXFileReference; fileEncoding = 4; lastKnownFileType = sourcecode.c.h; path = ShuttleTracDataStore.h; sourceTree = "<group>"; };
		418D7D6F117EA1660027754F /* ShuttleTracDataStore.m */ = {isa = PBXFileReference; fileEncoding = 4; lastKnownFileType = sourcecode.c.objc; path = ShuttleTracDataStore.m; sourceTree = "<group>"; };
		418D7D71117EA1FB0027754F /* BusStopArrivals.h */ = {isa = PBXFileReference; fileEncoding = 4; lastKnownFileType = sourcecode.c.h; path = BusStopArrivals.h; sourceTree = "<group>"; };
		418D7D72117EA1FB0027754F /* BusStopArrivals.m */ = {isa = PBXFileReference; fileEncoding = 4; lastKnownFileType = sourcecode.c.objc; path = BusStopArrivals.m; sourceTree = "<group>"; };
		418D7D8E117EA7D70027754F /* BusArrival.h */ = {isa = PBXFileReference; fileEncoding = 4; lastKnownFileType = sourcecode.c.h; path = BusArrival.h; sourceTree = "<group>"; };
		418D7D8F117EA7D70027754F /* BusArrival.m */ = {isa = PBXFileReference; fileEncoding = 4; lastKnownFileType = sourcecode.c.objc; path = BusArrival.m; sourceTree = "<group>"; };
		418D7E38117EB9490027754F /* DataStoreGrabber.h */ = {isa = PBXFileReference; fileEncoding = 4; lastKnownFileType = sourcecode.c.h; path = DataStoreGrabber.h; sourceTree = "<group>"; };
		418D7E39117EB9490027754F /* DataStoreGrabber.m */ = {isa = PBXFileReference; fileEncoding = 4; lastKnownFileType = sourcecode.c.objc; path = DataStoreGrabber.m; sourceTree = "<group>"; };
		418D7F17117F5B200027754F /* shuttleTracDataStore.sqlite */ = {isa = PBXFileReference; lastKnownFileType = file; path = shuttleTracDataStore.sqlite; sourceTree = "<group>"; };
		418D7F6F117F65EC0027754F /* libsqlite3.0.dylib */ = {isa = PBXFileReference; lastKnownFileType = "compiled.mach-o.dylib"; name = libsqlite3.0.dylib; path = usr/lib/libsqlite3.0.dylib; sourceTree = SDKROOT; };
		853D4C7611595E5A00F3E812 /* BusTimeLookupController.h */ = {isa = PBXFileReference; fileEncoding = 4; lastKnownFileType = sourcecode.c.h; path = BusTimeLookupController.h; sourceTree = "<group>"; };
		853D4C7711595E5A00F3E812 /* BusTimeLookupController.m */ = {isa = PBXFileReference; fileEncoding = 4; lastKnownFileType = sourcecode.c.objc; path = BusTimeLookupController.m; sourceTree = "<group>"; };
		853D4C7811595E5A00F3E812 /* BusTimeLookupController.xib */ = {isa = PBXFileReference; lastKnownFileType = file.xib; path = BusTimeLookupController.xib; sourceTree = "<group>"; };
		855893CD117BC85F005DF0F5 /* CoreLocation.framework */ = {isa = PBXFileReference; lastKnownFileType = wrapper.framework; name = CoreLocation.framework; path = System/Library/Frameworks/CoreLocation.framework; sourceTree = SDKROOT; };
		855893D1117BC8B8005DF0F5 /* README */ = {isa = PBXFileReference; fileEncoding = 4; lastKnownFileType = text; name = README; path = ../README; sourceTree = SOURCE_ROOT; };
		8D1107310486CEB800E47090 /* ShuttleTrac-Info.plist */ = {isa = PBXFileReference; fileEncoding = 4; lastKnownFileType = text.plist.xml; path = "ShuttleTrac-Info.plist"; plistStructureDefinitionIdentifier = "com.apple.xcode.plist.structure-definition.iphone.info-plist"; sourceTree = "<group>"; };
/* End PBXFileReference section */

/* Begin PBXFrameworksBuildPhase section */
		1D60588F0D05DD3D006BFB54 /* Frameworks */ = {
			isa = PBXFrameworksBuildPhase;
			buildActionMask = 2147483647;
			files = (
				1D60589F0D05DD5A006BFB54 /* Foundation.framework in Frameworks */,
				1DF5F4E00D08C38300B7A737 /* UIKit.framework in Frameworks */,
				288765080DF74369002DB57D /* CoreGraphics.framework in Frameworks */,
				855893CE117BC85F005DF0F5 /* CoreLocation.framework in Frameworks */,
				41127484117C12BF0082FBF7 /* MapKit.framework in Frameworks */,
				418D7D62117E9E880027754F /* AddressBook.framework in Frameworks */,
				418D7F70117F65EC0027754F /* libsqlite3.0.dylib in Frameworks */,
			);
			runOnlyForDeploymentPostprocessing = 0;
		};
/* End PBXFrameworksBuildPhase section */

/* Begin PBXGroup section */
		080E96DDFE201D6D7F000001 /* Classes */ = {
			isa = PBXGroup;
			children = (
				41302451117CC07F00474B5B /* Additions */,
				41127424117C0FE40082FBF7 /* Tabs */,
				41127426117C10840082FBF7 /* Models */,
				1D3623240D0F684500981E51 /* ShuttleTracAppDelegate.h */,
				1D3623250D0F684500981E51 /* ShuttleTracAppDelegate.m */,
				418D7E38117EB9490027754F /* DataStoreGrabber.h */,
				418D7E39117EB9490027754F /* DataStoreGrabber.m */,
			);
			path = Classes;
			sourceTree = "<group>";
		};
		19C28FACFE9D520D11CA2CBB /* Products */ = {
			isa = PBXGroup;
			children = (
				1D6058910D05DD3D006BFB54 /* ShuttleTrac.app */,
			);
			name = Products;
			sourceTree = "<group>";
		};
		29B97314FDCFA39411CA2CEA /* ShuttleTrac */ = {
			isa = PBXGroup;
			children = (
				855893D1117BC8B8005DF0F5 /* README */,
				080E96DDFE201D6D7F000001 /* Classes */,
				29B97315FDCFA39411CA2CEA /* Other Sources */,
				29B97317FDCFA39411CA2CEA /* Resources */,
				29B97323FDCFA39411CA2CEA /* Frameworks */,
				19C28FACFE9D520D11CA2CBB /* Products */,
			);
			name = ShuttleTrac;
			sourceTree = "<group>";
		};
		29B97315FDCFA39411CA2CEA /* Other Sources */ = {
			isa = PBXGroup;
			children = (
				28A0AB4B0D9B1048005BE974 /* ShuttleTrac_Prefix.pch */,
				29B97316FDCFA39411CA2CEA /* main.m */,
			);
			name = "Other Sources";
			sourceTree = "<group>";
		};
		29B97317FDCFA39411CA2CEA /* Resources */ = {
			isa = PBXGroup;
			children = (
				418D7F17117F5B200027754F /* shuttleTracDataStore.sqlite */,
				28AD73870D9D96C1002E5188 /* MainWindow.xib */,
				8D1107310486CEB800E47090 /* ShuttleTrac-Info.plist */,
			);
			name = Resources;
			sourceTree = "<group>";
		};
		29B97323FDCFA39411CA2CEA /* Frameworks */ = {
			isa = PBXGroup;
			children = (
				1DF5F4DF0D08C38300B7A737 /* UIKit.framework */,
				1D30AB110D05D00D00671497 /* Foundation.framework */,
				288765070DF74369002DB57D /* CoreGraphics.framework */,
				855893CD117BC85F005DF0F5 /* CoreLocation.framework */,
				41127483117C12BF0082FBF7 /* MapKit.framework */,
				418D7D61117E9E880027754F /* AddressBook.framework */,
				418D7F6F117F65EC0027754F /* libsqlite3.0.dylib */,
			);
			name = Frameworks;
			sourceTree = "<group>";
		};
		41127424117C0FE40082FBF7 /* Tabs */ = {
			isa = PBXGroup;
			children = (
				41127487117C12C50082FBF7 /* BusMap */,
				41127425117C0FEA0082FBF7 /* BusTimeLookup */,
			);
			name = Tabs;
			sourceTree = "<group>";
		};
		41127425117C0FEA0082FBF7 /* BusTimeLookup */ = {
			isa = PBXGroup;
			children = (
				853D4C7811595E5A00F3E812 /* BusTimeLookupController.xib */,
				4112730F117C03280082FBF7 /* BusTimesTableViewController.h */,
				41127310117C03280082FBF7 /* BusTimesTableViewController.m */,
				41127317117C03E40082FBF7 /* BusTimeTableViewCell.h */,
				41127318117C03E40082FBF7 /* BusTimeTableViewCell.m */,
				853D4C7611595E5A00F3E812 /* BusTimeLookupController.h */,
				853D4C7711595E5A00F3E812 /* BusTimeLookupController.m */,
			);
			name = BusTimeLookup;
			sourceTree = "<group>";
		};
		41127426117C10840082FBF7 /* Models */ = {
			isa = PBXGroup;
			children = (
				418D7D6A117EA0CE0027754F /* Persistent */,
				418D7D69117EA0C50027754F /* Bus Data */,
			);
			name = Models;
			sourceTree = "<group>";
		};
		41127487117C12C50082FBF7 /* BusMap */ = {
			isa = PBXGroup;
			children = (
				418D7D4F117E9E210027754F /* MKAddressDictionaryPlacemark.h */,
				418D7D50117E9E210027754F /* MKAddressDictionaryPlacemark.m */,
				4112748D117C13500082FBF7 /* BusMapViewController.xib */,
				4112748B117C13500082FBF7 /* BusMapViewController.h */,
				4112748C117C13500082FBF7 /* BusMapViewController.m */,
			);
			name = BusMap;
			sourceTree = "<group>";
		};
		41302451117CC07F00474B5B /* Additions */ = {
			isa = PBXGroup;
			children = (
				41302453117CC0AC00474B5B /* NSDateAdditions.h */,
				41302454117CC0AC00474B5B /* NSDateAdditions.m */,
			);
			name = Additions;
			sourceTree = "<group>";
		};
		418D7D69117EA0C50027754F /* Bus Data */ = {
			isa = PBXGroup;
			children = (
				418D7D71117EA1FB0027754F /* BusStopArrivals.h */,
				418D7D72117EA1FB0027754F /* BusStopArrivals.m */,
				4112742E117C10940082FBF7 /* BusRoute.h */,
				4112742F117C10940082FBF7 /* BusRoute.m */,
				41127430117C10940082FBF7 /* BusStop.h */,
				41127431117C10940082FBF7 /* BusStop.m */,
				418D7D8E117EA7D70027754F /* BusArrival.h */,
				418D7D8F117EA7D70027754F /* BusArrival.m */,
			);
			name = "Bus Data";
			sourceTree = "<group>";
		};
		418D7D6A117EA0CE0027754F /* Persistent */ = {
			isa = PBXGroup;
			children = (
				418D7D6E117EA1660027754F /* ShuttleTracDataStore.h */,
				418D7D6F117EA1660027754F /* ShuttleTracDataStore.m */,
			);
			name = Persistent;
			sourceTree = "<group>";
		};
/* End PBXGroup section */

/* Begin PBXNativeTarget section */
		1D6058900D05DD3D006BFB54 /* ShuttleTrac */ = {
			isa = PBXNativeTarget;
			buildConfigurationList = 1D6058960D05DD3E006BFB54 /* Build configuration list for PBXNativeTarget "ShuttleTrac" */;
			buildPhases = (
				1D60588D0D05DD3D006BFB54 /* Resources */,
				1D60588E0D05DD3D006BFB54 /* Sources */,
				1D60588F0D05DD3D006BFB54 /* Frameworks */,
			);
			buildRules = (
			);
			dependencies = (
			);
			name = ShuttleTrac;
			productName = ShuttleTrac;
			productReference = 1D6058910D05DD3D006BFB54 /* ShuttleTrac.app */;
			productType = "com.apple.product-type.application";
		};
/* End PBXNativeTarget section */

/* Begin PBXProject section */
		29B97313FDCFA39411CA2CEA /* Project object */ = {
			isa = PBXProject;
			buildConfigurationList = C01FCF4E08A954540054247B /* Build configuration list for PBXProject "ShuttleTrac" */;
			compatibilityVersion = "Xcode 3.1";
			hasScannedForEncodings = 1;
			mainGroup = 29B97314FDCFA39411CA2CEA /* ShuttleTrac */;
			projectDirPath = "";
			projectRoot = "";
			targets = (
				1D6058900D05DD3D006BFB54 /* ShuttleTrac */,
			);
		};
/* End PBXProject section */

/* Begin PBXResourcesBuildPhase section */
		1D60588D0D05DD3D006BFB54 /* Resources */ = {
			isa = PBXResourcesBuildPhase;
			buildActionMask = 2147483647;
			files = (
				28AD73880D9D96C1002E5188 /* MainWindow.xib in Resources */,
				853D4C7A11595E5A00F3E812 /* BusTimeLookupController.xib in Resources */,
				4112748F117C13500082FBF7 /* BusMapViewController.xib in Resources */,
				418D7F18117F5B200027754F /* shuttleTracDataStore.sqlite in Resources */,
			);
			runOnlyForDeploymentPostprocessing = 0;
		};
/* End PBXResourcesBuildPhase section */

/* Begin PBXSourcesBuildPhase section */
		1D60588E0D05DD3D006BFB54 /* Sources */ = {
			isa = PBXSourcesBuildPhase;
			buildActionMask = 2147483647;
			files = (
				1D60589B0D05DD56006BFB54 /* main.m in Sources */,
				1D3623260D0F684500981E51 /* ShuttleTracAppDelegate.m in Sources */,
				853D4C7911595E5A00F3E812 /* BusTimeLookupController.m in Sources */,
				41127311117C03280082FBF7 /* BusTimesTableViewController.m in Sources */,
				41127319117C03E40082FBF7 /* BusTimeTableViewCell.m in Sources */,
				41127433117C10940082FBF7 /* BusRoute.m in Sources */,
				41127434117C10940082FBF7 /* BusStop.m in Sources */,
				4112748E117C13500082FBF7 /* BusMapViewController.m in Sources */,
				41302455117CC0AC00474B5B /* NSDateAdditions.m in Sources */,
				418D7D51117E9E210027754F /* MKAddressDictionaryPlacemark.m in Sources */,
				418D7D70117EA1660027754F /* ShuttleTracDataStore.m in Sources */,
				418D7D73117EA1FB0027754F /* BusStopArrivals.m in Sources */,
				418D7D90117EA7D70027754F /* BusArrival.m in Sources */,
				418D7E3A117EB9490027754F /* DataStoreGrabber.m in Sources */,
			);
			runOnlyForDeploymentPostprocessing = 0;
		};
/* End PBXSourcesBuildPhase section */

/* Begin XCBuildConfiguration section */
		1D6058940D05DD3E006BFB54 /* Debug */ = {
			isa = XCBuildConfiguration;
			buildSettings = {
				ALWAYS_SEARCH_USER_PATHS = NO;
				COPY_PHASE_STRIP = NO;
				GCC_DYNAMIC_NO_PIC = NO;
				GCC_OPTIMIZATION_LEVEL = 0;
				GCC_PRECOMPILE_PREFIX_HEADER = YES;
				GCC_PREFIX_HEADER = ShuttleTrac_Prefix.pch;
				INFOPLIST_FILE = "ShuttleTrac-Info.plist";
				PRODUCT_NAME = ShuttleTrac;
			};
			name = Debug;
		};
		1D6058950D05DD3E006BFB54 /* Release */ = {
			isa = XCBuildConfiguration;
			buildSettings = {
				ALWAYS_SEARCH_USER_PATHS = NO;
				COPY_PHASE_STRIP = YES;
				GCC_PRECOMPILE_PREFIX_HEADER = YES;
				GCC_PREFIX_HEADER = ShuttleTrac_Prefix.pch;
				INFOPLIST_FILE = "ShuttleTrac-Info.plist";
				PRODUCT_NAME = ShuttleTrac;
			};
			name = Release;
		};
		C01FCF4F08A954540054247B /* Debug */ = {
			isa = XCBuildConfiguration;
			buildSettings = {
				ARCHS = "$(ARCHS_STANDARD_32_BIT)";
				"CODE_SIGN_IDENTITY[sdk=iphoneos*]" = "iPhone Developer";
				GCC_C_LANGUAGE_STANDARD = c99;
				GCC_WARN_ABOUT_RETURN_TYPE = YES;
				GCC_WARN_UNUSED_VARIABLE = YES;
				PREBINDING = NO;
				SDKROOT = iphonesimulator3.1.2;
			};
			name = Debug;
		};
		C01FCF5008A954540054247B /* Release */ = {
			isa = XCBuildConfiguration;
			buildSettings = {
				ARCHS = "$(ARCHS_STANDARD_32_BIT)";
				"CODE_SIGN_IDENTITY[sdk=iphoneos*]" = "iPhone Developer";
				GCC_C_LANGUAGE_STANDARD = c99;
				GCC_WARN_ABOUT_RETURN_TYPE = YES;
				GCC_WARN_UNUSED_VARIABLE = YES;
				PREBINDING = NO;
				SDKROOT = iphonesimulator3.1.2;
			};
			name = Release;
		};
/* End XCBuildConfiguration section */

/* Begin XCConfigurationList section */
		1D6058960D05DD3E006BFB54 /* Build configuration list for PBXNativeTarget "ShuttleTrac" */ = {
			isa = XCConfigurationList;
			buildConfigurations = (
				1D6058940D05DD3E006BFB54 /* Debug */,
				1D6058950D05DD3E006BFB54 /* Release */,
			);
			defaultConfigurationIsVisible = 0;
			defaultConfigurationName = Release;
		};
		C01FCF4E08A954540054247B /* Build configuration list for PBXProject "ShuttleTrac" */ = {
			isa = XCConfigurationList;
			buildConfigurations = (
				C01FCF4F08A954540054247B /* Debug */,
				C01FCF5008A954540054247B /* Release */,
			);
			defaultConfigurationIsVisible = 0;
			defaultConfigurationName = Release;
		};
/* End XCConfigurationList section */
	};
	rootObject = 29B97313FDCFA39411CA2CEA /* Project object */;
}
